// !$*UTF8*$!
{
	archiveVersion = 1;
	classes = {
	};
	objectVersion = 50;
	objects = {

/* Begin PBXBuildFile section */
		39779C22E95E86C7C1277509 /* Pods_AppStoreJSONApis.framework in Frameworks */ = {isa = PBXBuildFile; fileRef = FE0BC099CDA38E4A33E0DD0D /* Pods_AppStoreJSONApis.framework */; };
		F05C06D1226A105600FE2AC6 /* AppsSearchController.swift in Sources */ = {isa = PBXBuildFile; fileRef = F05C06D0226A105600FE2AC6 /* AppsSearchController.swift */; };
		F05C06D4226A160D00FE2AC6 /* SearchResultCell.swift in Sources */ = {isa = PBXBuildFile; fileRef = F05C06D3226A160D00FE2AC6 /* SearchResultCell.swift */; };
		F05C06D7226A286100FE2AC6 /* UIView+Layout.swift in Sources */ = {isa = PBXBuildFile; fileRef = F05C06D6226A286000FE2AC6 /* UIView+Layout.swift */; };
		F05C06D9226A401200FE2AC6 /* VerticalStackView.swift in Sources */ = {isa = PBXBuildFile; fileRef = F05C06D8226A401200FE2AC6 /* VerticalStackView.swift */; };
		F05C06DC226A56BC00FE2AC6 /* SearchResult.swift in Sources */ = {isa = PBXBuildFile; fileRef = F05C06DB226A56BC00FE2AC6 /* SearchResult.swift */; };
		F05C06DF226A5FD900FE2AC6 /* Service.swift in Sources */ = {isa = PBXBuildFile; fileRef = F05C06DE226A5FD900FE2AC6 /* Service.swift */; };
		F091BDDF2269A4E200B25A72 /* AppDelegate.swift in Sources */ = {isa = PBXBuildFile; fileRef = F091BDDE2269A4E200B25A72 /* AppDelegate.swift */; };
		F091BDE12269A4E200B25A72 /* ViewController.swift in Sources */ = {isa = PBXBuildFile; fileRef = F091BDE02269A4E200B25A72 /* ViewController.swift */; };
		F091BDE42269A4E200B25A72 /* Main.storyboard in Resources */ = {isa = PBXBuildFile; fileRef = F091BDE22269A4E200B25A72 /* Main.storyboard */; };
		F091BDE62269A4E300B25A72 /* Assets.xcassets in Resources */ = {isa = PBXBuildFile; fileRef = F091BDE52269A4E300B25A72 /* Assets.xcassets */; };
		F091BDE92269A4E300B25A72 /* LaunchScreen.storyboard in Resources */ = {isa = PBXBuildFile; fileRef = F091BDE72269A4E300B25A72 /* LaunchScreen.storyboard */; };
		F091BDF12269A55700B25A72 /* BaseTabBarController.swift in Sources */ = {isa = PBXBuildFile; fileRef = F091BDF02269A55700B25A72 /* BaseTabBarController.swift */; };
/* End PBXBuildFile section */

/* Begin PBXFileReference section */
		AD6838FAEC320FDED15CA12A /* Pods-AppStoreJSONApis.debug.xcconfig */ = {isa = PBXFileReference; includeInIndex = 1; lastKnownFileType = text.xcconfig; name = "Pods-AppStoreJSONApis.debug.xcconfig"; path = "Pods/Target Support Files/Pods-AppStoreJSONApis/Pods-AppStoreJSONApis.debug.xcconfig"; sourceTree = "<group>"; };
		DB2A715016DA308339707765 /* Pods-AppStoreJSONApis.release.xcconfig */ = {isa = PBXFileReference; includeInIndex = 1; lastKnownFileType = text.xcconfig; name = "Pods-AppStoreJSONApis.release.xcconfig"; path = "Pods/Target Support Files/Pods-AppStoreJSONApis/Pods-AppStoreJSONApis.release.xcconfig"; sourceTree = "<group>"; };
		F05C06D0226A105600FE2AC6 /* AppsSearchController.swift */ = {isa = PBXFileReference; lastKnownFileType = sourcecode.swift; path = AppsSearchController.swift; sourceTree = "<group>"; };
		F05C06D3226A160D00FE2AC6 /* SearchResultCell.swift */ = {isa = PBXFileReference; lastKnownFileType = sourcecode.swift; path = SearchResultCell.swift; sourceTree = "<group>"; };
		F05C06D6226A286000FE2AC6 /* UIView+Layout.swift */ = {isa = PBXFileReference; fileEncoding = 4; lastKnownFileType = sourcecode.swift; path = "UIView+Layout.swift"; sourceTree = "<group>"; };
		F05C06D8226A401200FE2AC6 /* VerticalStackView.swift */ = {isa = PBXFileReference; lastKnownFileType = sourcecode.swift; path = VerticalStackView.swift; sourceTree = "<group>"; };
		F05C06DB226A56BC00FE2AC6 /* SearchResult.swift */ = {isa = PBXFileReference; lastKnownFileType = sourcecode.swift; path = SearchResult.swift; sourceTree = "<group>"; };
		F05C06DE226A5FD900FE2AC6 /* Service.swift */ = {isa = PBXFileReference; lastKnownFileType = sourcecode.swift; path = Service.swift; sourceTree = "<group>"; };
		F091BDDB2269A4E200B25A72 /* AppStoreJSONApis.app */ = {isa = PBXFileReference; explicitFileType = wrapper.application; includeInIndex = 0; path = AppStoreJSONApis.app; sourceTree = BUILT_PRODUCTS_DIR; };
		F091BDDE2269A4E200B25A72 /* AppDelegate.swift */ = {isa = PBXFileReference; lastKnownFileType = sourcecode.swift; path = AppDelegate.swift; sourceTree = "<group>"; };
		F091BDE02269A4E200B25A72 /* ViewController.swift */ = {isa = PBXFileReference; lastKnownFileType = sourcecode.swift; path = ViewController.swift; sourceTree = "<group>"; };
		F091BDE32269A4E200B25A72 /* Base */ = {isa = PBXFileReference; lastKnownFileType = file.storyboard; name = Base; path = Base.lproj/Main.storyboard; sourceTree = "<group>"; };
		F091BDE52269A4E300B25A72 /* Assets.xcassets */ = {isa = PBXFileReference; lastKnownFileType = folder.assetcatalog; path = Assets.xcassets; sourceTree = "<group>"; };
		F091BDE82269A4E300B25A72 /* Base */ = {isa = PBXFileReference; lastKnownFileType = file.storyboard; name = Base; path = Base.lproj/LaunchScreen.storyboard; sourceTree = "<group>"; };
		F091BDEA2269A4E300B25A72 /* Info.plist */ = {isa = PBXFileReference; lastKnownFileType = text.plist.xml; path = Info.plist; sourceTree = "<group>"; };
		F091BDF02269A55700B25A72 /* BaseTabBarController.swift */ = {isa = PBXFileReference; lastKnownFileType = sourcecode.swift; path = BaseTabBarController.swift; sourceTree = "<group>"; };
		FE0BC099CDA38E4A33E0DD0D /* Pods_AppStoreJSONApis.framework */ = {isa = PBXFileReference; explicitFileType = wrapper.framework; includeInIndex = 0; path = Pods_AppStoreJSONApis.framework; sourceTree = BUILT_PRODUCTS_DIR; };
/* End PBXFileReference section */

/* Begin PBXFrameworksBuildPhase section */
		F091BDD82269A4E200B25A72 /* Frameworks */ = {
			isa = PBXFrameworksBuildPhase;
			buildActionMask = 2147483647;
			files = (
				39779C22E95E86C7C1277509 /* Pods_AppStoreJSONApis.framework in Frameworks */,
			);
			runOnlyForDeploymentPostprocessing = 0;
		};
/* End PBXFrameworksBuildPhase section */

/* Begin PBXGroup section */
		34A9455AB0725D955D2B2D15 /* Pods */ = {
			isa = PBXGroup;
			children = (
				AD6838FAEC320FDED15CA12A /* Pods-AppStoreJSONApis.debug.xcconfig */,
				DB2A715016DA308339707765 /* Pods-AppStoreJSONApis.release.xcconfig */,
			);
			name = Pods;
			sourceTree = "<group>";
		};
		F05C06CF226A101E00FE2AC6 /* Controller */ = {
			isa = PBXGroup;
			children = (
				F091BDF02269A55700B25A72 /* BaseTabBarController.swift */,
				F05C06D0226A105600FE2AC6 /* AppsSearchController.swift */,
			);
			path = Controller;
			sourceTree = "<group>";
		};
		F05C06D2226A15F400FE2AC6 /* Views */ = {
			isa = PBXGroup;
			children = (
				F05C06D3226A160D00FE2AC6 /* SearchResultCell.swift */,
			);
			path = Views;
			sourceTree = "<group>";
		};
		F05C06D5226A284600FE2AC6 /* Helpers */ = {
			isa = PBXGroup;
			children = (
				F05C06D6226A286000FE2AC6 /* UIView+Layout.swift */,
				F05C06D8226A401200FE2AC6 /* VerticalStackView.swift */,
			);
			path = Helpers;
			sourceTree = "<group>";
		};
		F05C06DA226A56AF00FE2AC6 /* Model */ = {
			isa = PBXGroup;
			children = (
				F05C06DB226A56BC00FE2AC6 /* SearchResult.swift */,
			);
			path = Model;
			sourceTree = "<group>";
		};
		F05C06DD226A5FC900FE2AC6 /* Services */ = {
			isa = PBXGroup;
			children = (
				F05C06DE226A5FD900FE2AC6 /* Service.swift */,
			);
			path = Services;
			sourceTree = "<group>";
		};
		F091BDD22269A4E200B25A72 = {
			isa = PBXGroup;
			children = (
				F091BDDD2269A4E200B25A72 /* AppStoreJSONApis */,
				F091BDDC2269A4E200B25A72 /* Products */,
				34A9455AB0725D955D2B2D15 /* Pods */,
				FFA1C649553CA0517556ECAC /* Frameworks */,
			);
			sourceTree = "<group>";
		};
		F091BDDC2269A4E200B25A72 /* Products */ = {
			isa = PBXGroup;
			children = (
				F091BDDB2269A4E200B25A72 /* AppStoreJSONApis.app */,
			);
			name = Products;
			sourceTree = "<group>";
		};
		F091BDDD2269A4E200B25A72 /* AppStoreJSONApis */ = {
			isa = PBXGroup;
			children = (
				F05C06DD226A5FC900FE2AC6 /* Services */,
				F05C06DA226A56AF00FE2AC6 /* Model */,
				F05C06D2226A15F400FE2AC6 /* Views */,
				F05C06CF226A101E00FE2AC6 /* Controller */,
				F05C06D5226A284600FE2AC6 /* Helpers */,
				F091BDDE2269A4E200B25A72 /* AppDelegate.swift */,
				F091BDE02269A4E200B25A72 /* ViewController.swift */,
				F091BDE22269A4E200B25A72 /* Main.storyboard */,
				F091BDE52269A4E300B25A72 /* Assets.xcassets */,
				F091BDE72269A4E300B25A72 /* LaunchScreen.storyboard */,
				F091BDEA2269A4E300B25A72 /* Info.plist */,
			);
			path = AppStoreJSONApis;
			sourceTree = "<group>";
		};
		FFA1C649553CA0517556ECAC /* Frameworks */ = {
			isa = PBXGroup;
			children = (
				FE0BC099CDA38E4A33E0DD0D /* Pods_AppStoreJSONApis.framework */,
			);
			name = Frameworks;
			sourceTree = "<group>";
		};
/* End PBXGroup section */

/* Begin PBXNativeTarget section */
		F091BDDA2269A4E200B25A72 /* AppStoreJSONApis */ = {
			isa = PBXNativeTarget;
			buildConfigurationList = F091BDED2269A4E300B25A72 /* Build configuration list for PBXNativeTarget "AppStoreJSONApis" */;
			buildPhases = (
				2868F9C7B28A76B2BCCCBCE6 /* [CP] Check Pods Manifest.lock */,
				F091BDD72269A4E200B25A72 /* Sources */,
				F091BDD82269A4E200B25A72 /* Frameworks */,
				F091BDD92269A4E200B25A72 /* Resources */,
				8D5C7DCCC37DD9E8FB97E77A /* [CP] Embed Pods Frameworks */,
			);
			buildRules = (
			);
			dependencies = (
			);
			name = AppStoreJSONApis;
			productName = AppStoreJSONApis;
			productReference = F091BDDB2269A4E200B25A72 /* AppStoreJSONApis.app */;
			productType = "com.apple.product-type.application";
		};
/* End PBXNativeTarget section */

/* Begin PBXProject section */
		F091BDD32269A4E200B25A72 /* Project object */ = {
			isa = PBXProject;
			attributes = {
				LastSwiftUpdateCheck = 1020;
				LastUpgradeCheck = 1020;
				ORGANIZATIONNAME = "Алексей Пархоменко";
				TargetAttributes = {
					F091BDDA2269A4E200B25A72 = {
						CreatedOnToolsVersion = 10.2;
					};
				};
			};
			buildConfigurationList = F091BDD62269A4E200B25A72 /* Build configuration list for PBXProject "AppStoreJSONApis" */;
			compatibilityVersion = "Xcode 9.3";
			developmentRegion = en;
			hasScannedForEncodings = 0;
			knownRegions = (
				en,
				Base,
			);
			mainGroup = F091BDD22269A4E200B25A72;
			productRefGroup = F091BDDC2269A4E200B25A72 /* Products */;
			projectDirPath = "";
			projectRoot = "";
			targets = (
				F091BDDA2269A4E200B25A72 /* AppStoreJSONApis */,
			);
		};
/* End PBXProject section */

/* Begin PBXResourcesBuildPhase section */
		F091BDD92269A4E200B25A72 /* Resources */ = {
			isa = PBXResourcesBuildPhase;
			buildActionMask = 2147483647;
			files = (
				F091BDE92269A4E300B25A72 /* LaunchScreen.storyboard in Resources */,
				F091BDE62269A4E300B25A72 /* Assets.xcassets in Resources */,
				F091BDE42269A4E200B25A72 /* Main.storyboard in Resources */,
			);
			runOnlyForDeploymentPostprocessing = 0;
		};
/* End PBXResourcesBuildPhase section */

/* Begin PBXShellScriptBuildPhase section */
		2868F9C7B28A76B2BCCCBCE6 /* [CP] Check Pods Manifest.lock */ = {
			isa = PBXShellScriptBuildPhase;
			buildActionMask = 2147483647;
			files = (
			);
			inputFileListPaths = (
			);
			inputPaths = (
				"${PODS_PODFILE_DIR_PATH}/Podfile.lock",
				"${PODS_ROOT}/Manifest.lock",
			);
			name = "[CP] Check Pods Manifest.lock";
			outputFileListPaths = (
			);
			outputPaths = (
				"$(DERIVED_FILE_DIR)/Pods-AppStoreJSONApis-checkManifestLockResult.txt",
			);
			runOnlyForDeploymentPostprocessing = 0;
			shellPath = /bin/sh;
			shellScript = "diff \"${PODS_PODFILE_DIR_PATH}/Podfile.lock\" \"${PODS_ROOT}/Manifest.lock\" > /dev/null\nif [ $? != 0 ] ; then\n    # print error to STDERR\n    echo \"error: The sandbox is not in sync with the Podfile.lock. Run 'pod install' or update your CocoaPods installation.\" >&2\n    exit 1\nfi\n# This output is used by Xcode 'outputs' to avoid re-running this script phase.\necho \"SUCCESS\" > \"${SCRIPT_OUTPUT_FILE_0}\"\n";
			showEnvVarsInLog = 0;
		};
		8D5C7DCCC37DD9E8FB97E77A /* [CP] Embed Pods Frameworks */ = {
			isa = PBXShellScriptBuildPhase;
			buildActionMask = 2147483647;
			files = (
			);
			inputFileListPaths = (
			);
			inputPaths = (
				"${SRCROOT}/Pods/Target Support Files/Pods-AppStoreJSONApis/Pods-AppStoreJSONApis-frameworks.sh",
				"${BUILT_PRODUCTS_DIR}/SDWebImage/SDWebImage.framework",
			);
			name = "[CP] Embed Pods Frameworks";
			outputFileListPaths = (
			);
			outputPaths = (
				"${TARGET_BUILD_DIR}/${FRAMEWORKS_FOLDER_PATH}/SDWebImage.framework",
			);
			runOnlyForDeploymentPostprocessing = 0;
			shellPath = /bin/sh;
			shellScript = "\"${SRCROOT}/Pods/Target Support Files/Pods-AppStoreJSONApis/Pods-AppStoreJSONApis-frameworks.sh\"\n";
			showEnvVarsInLog = 0;
		};
/* End PBXShellScriptBuildPhase section */

/* Begin PBXSourcesBuildPhase section */
		F091BDD72269A4E200B25A72 /* Sources */ = {
			isa = PBXSourcesBuildPhase;
			buildActionMask = 2147483647;
			files = (
				F091BDE12269A4E200B25A72 /* ViewController.swift in Sources */,
				F05C06D4226A160D00FE2AC6 /* SearchResultCell.swift in Sources */,
				F05C06DC226A56BC00FE2AC6 /* SearchResult.swift in Sources */,
				F05C06D7226A286100FE2AC6 /* UIView+Layout.swift in Sources */,
				F091BDDF2269A4E200B25A72 /* AppDelegate.swift in Sources */,
				F05C06DF226A5FD900FE2AC6 /* Service.swift in Sources */,
				F091BDF12269A55700B25A72 /* BaseTabBarController.swift in Sources */,
				F05C06D1226A105600FE2AC6 /* AppsSearchController.swift in Sources */,
				F05C06D9226A401200FE2AC6 /* VerticalStackView.swift in Sources */,
			);
			runOnlyForDeploymentPostprocessing = 0;
		};
/* End PBXSourcesBuildPhase section */

/* Begin PBXVariantGroup section */
		F091BDE22269A4E200B25A72 /* Main.storyboard */ = {
			isa = PBXVariantGroup;
			children = (
				F091BDE32269A4E200B25A72 /* Base */,
			);
			name = Main.storyboard;
			sourceTree = "<group>";
		};
		F091BDE72269A4E300B25A72 /* LaunchScreen.storyboard */ = {
			isa = PBXVariantGroup;
			children = (
				F091BDE82269A4E300B25A72 /* Base */,
			);
			name = LaunchScreen.storyboard;
			sourceTree = "<group>";
		};
/* End PBXVariantGroup section */

/* Begin XCBuildConfiguration section */
		F091BDEB2269A4E300B25A72 /* Debug */ = {
			isa = XCBuildConfiguration;
			buildSettings = {
				ALWAYS_SEARCH_USER_PATHS = NO;
				CLANG_ANALYZER_NONNULL = YES;
				CLANG_ANALYZER_NUMBER_OBJECT_CONVERSION = YES_AGGRESSIVE;
				CLANG_CXX_LANGUAGE_STANDARD = "gnu++14";
				CLANG_CXX_LIBRARY = "libc++";
				CLANG_ENABLE_MODULES = YES;
				CLANG_ENABLE_OBJC_ARC = YES;
				CLANG_ENABLE_OBJC_WEAK = YES;
				CLANG_WARN_BLOCK_CAPTURE_AUTORELEASING = YES;
				CLANG_WARN_BOOL_CONVERSION = YES;
				CLANG_WARN_COMMA = YES;
				CLANG_WARN_CONSTANT_CONVERSION = YES;
				CLANG_WARN_DEPRECATED_OBJC_IMPLEMENTATIONS = YES;
				CLANG_WARN_DIRECT_OBJC_ISA_USAGE = YES_ERROR;
				CLANG_WARN_DOCUMENTATION_COMMENTS = YES;
				CLANG_WARN_EMPTY_BODY = YES;
				CLANG_WARN_ENUM_CONVERSION = YES;
				CLANG_WARN_INFINITE_RECURSION = YES;
				CLANG_WARN_INT_CONVERSION = YES;
				CLANG_WARN_NON_LITERAL_NULL_CONVERSION = YES;
				CLANG_WARN_OBJC_IMPLICIT_RETAIN_SELF = YES;
				CLANG_WARN_OBJC_LITERAL_CONVERSION = YES;
				CLANG_WARN_OBJC_ROOT_CLASS = YES_ERROR;
				CLANG_WARN_RANGE_LOOP_ANALYSIS = YES;
				CLANG_WARN_STRICT_PROTOTYPES = YES;
				CLANG_WARN_SUSPICIOUS_MOVE = YES;
				CLANG_WARN_UNGUARDED_AVAILABILITY = YES_AGGRESSIVE;
				CLANG_WARN_UNREACHABLE_CODE = YES;
				CLANG_WARN__DUPLICATE_METHOD_MATCH = YES;
				CODE_SIGN_IDENTITY = "iPhone Developer";
				COPY_PHASE_STRIP = NO;
				DEBUG_INFORMATION_FORMAT = dwarf;
				ENABLE_STRICT_OBJC_MSGSEND = YES;
				ENABLE_TESTABILITY = YES;
				GCC_C_LANGUAGE_STANDARD = gnu11;
				GCC_DYNAMIC_NO_PIC = NO;
				GCC_NO_COMMON_BLOCKS = YES;
				GCC_OPTIMIZATION_LEVEL = 0;
				GCC_PREPROCESSOR_DEFINITIONS = (
					"DEBUG=1",
					"$(inherited)",
				);
				GCC_WARN_64_TO_32_BIT_CONVERSION = YES;
				GCC_WARN_ABOUT_RETURN_TYPE = YES_ERROR;
				GCC_WARN_UNDECLARED_SELECTOR = YES;
				GCC_WARN_UNINITIALIZED_AUTOS = YES_AGGRESSIVE;
				GCC_WARN_UNUSED_FUNCTION = YES;
				GCC_WARN_UNUSED_VARIABLE = YES;
				IPHONEOS_DEPLOYMENT_TARGET = 12.2;
				MTL_ENABLE_DEBUG_INFO = INCLUDE_SOURCE;
				MTL_FAST_MATH = YES;
				ONLY_ACTIVE_ARCH = YES;
				SDKROOT = iphoneos;
				SWIFT_ACTIVE_COMPILATION_CONDITIONS = DEBUG;
				SWIFT_OPTIMIZATION_LEVEL = "-Onone";
			};
			name = Debug;
		};
		F091BDEC2269A4E300B25A72 /* Release */ = {
			isa = XCBuildConfiguration;
			buildSettings = {
				ALWAYS_SEARCH_USER_PATHS = NO;
				CLANG_ANALYZER_NONNULL = YES;
				CLANG_ANALYZER_NUMBER_OBJECT_CONVERSION = YES_AGGRESSIVE;
				CLANG_CXX_LANGUAGE_STANDARD = "gnu++14";
				CLANG_CXX_LIBRARY = "libc++";
				CLANG_ENABLE_MODULES = YES;
				CLANG_ENABLE_OBJC_ARC = YES;
				CLANG_ENABLE_OBJC_WEAK = YES;
				CLANG_WARN_BLOCK_CAPTURE_AUTORELEASING = YES;
				CLANG_WARN_BOOL_CONVERSION = YES;
				CLANG_WARN_COMMA = YES;
				CLANG_WARN_CONSTANT_CONVERSION = YES;
				CLANG_WARN_DEPRECATED_OBJC_IMPLEMENTATIONS = YES;
				CLANG_WARN_DIRECT_OBJC_ISA_USAGE = YES_ERROR;
				CLANG_WARN_DOCUMENTATION_COMMENTS = YES;
				CLANG_WARN_EMPTY_BODY = YES;
				CLANG_WARN_ENUM_CONVERSION = YES;
				CLANG_WARN_INFINITE_RECURSION = YES;
				CLANG_WARN_INT_CONVERSION = YES;
				CLANG_WARN_NON_LITERAL_NULL_CONVERSION = YES;
				CLANG_WARN_OBJC_IMPLICIT_RETAIN_SELF = YES;
				CLANG_WARN_OBJC_LITERAL_CONVERSION = YES;
				CLANG_WARN_OBJC_ROOT_CLASS = YES_ERROR;
				CLANG_WARN_RANGE_LOOP_ANALYSIS = YES;
				CLANG_WARN_STRICT_PROTOTYPES = YES;
				CLANG_WARN_SUSPICIOUS_MOVE = YES;
				CLANG_WARN_UNGUARDED_AVAILABILITY = YES_AGGRESSIVE;
				CLANG_WARN_UNREACHABLE_CODE = YES;
				CLANG_WARN__DUPLICATE_METHOD_MATCH = YES;
				CODE_SIGN_IDENTITY = "iPhone Developer";
				COPY_PHASE_STRIP = NO;
				DEBUG_INFORMATION_FORMAT = "dwarf-with-dsym";
				ENABLE_NS_ASSERTIONS = NO;
				ENABLE_STRICT_OBJC_MSGSEND = YES;
				GCC_C_LANGUAGE_STANDARD = gnu11;
				GCC_NO_COMMON_BLOCKS = YES;
				GCC_WARN_64_TO_32_BIT_CONVERSION = YES;
				GCC_WARN_ABOUT_RETURN_TYPE = YES_ERROR;
				GCC_WARN_UNDECLARED_SELECTOR = YES;
				GCC_WARN_UNINITIALIZED_AUTOS = YES_AGGRESSIVE;
				GCC_WARN_UNUSED_FUNCTION = YES;
				GCC_WARN_UNUSED_VARIABLE = YES;
				IPHONEOS_DEPLOYMENT_TARGET = 12.2;
				MTL_ENABLE_DEBUG_INFO = NO;
				MTL_FAST_MATH = YES;
				SDKROOT = iphoneos;
				SWIFT_COMPILATION_MODE = wholemodule;
				SWIFT_OPTIMIZATION_LEVEL = "-O";
				VALIDATE_PRODUCT = YES;
			};
			name = Release;
		};
		F091BDEE2269A4E300B25A72 /* Debug */ = {
			isa = XCBuildConfiguration;
			baseConfigurationReference = AD6838FAEC320FDED15CA12A /* Pods-AppStoreJSONApis.debug.xcconfig */;
			buildSettings = {
				ASSETCATALOG_COMPILER_APPICON_NAME = AppIcon;
				CODE_SIGN_STYLE = Automatic;
				DEVELOPMENT_TEAM = TSZQ4D456H;
				INFOPLIST_FILE = AppStoreJSONApis/Info.plist;
				IPHONEOS_DEPLOYMENT_TARGET = 12.1;
				LD_RUNPATH_SEARCH_PATHS = (
					"$(inherited)",
					"@executable_path/Frameworks",
				);
				PRODUCT_BUNDLE_IDENTIFIER = com.alexeyParkhomenko.AppStoreJSONApis;
				PRODUCT_NAME = "$(TARGET_NAME)";
				SWIFT_VERSION = 5.0;
				TARGETED_DEVICE_FAMILY = "1,2";
			};
			name = Debug;
		};
		F091BDEF2269A4E300B25A72 /* Release */ = {
			isa = XCBuildConfiguration;
			baseConfigurationReference = DB2A715016DA308339707765 /* Pods-AppStoreJSONApis.release.xcconfig */;
			buildSettings = {
				ASSETCATALOG_COMPILER_APPICON_NAME = AppIcon;
				CODE_SIGN_STYLE = Automatic;
				DEVELOPMENT_TEAM = TSZQ4D456H;
				INFOPLIST_FILE = AppStoreJSONApis/Info.plist;
				IPHONEOS_DEPLOYMENT_TARGET = 12.1;
				LD_RUNPATH_SEARCH_PATHS = (
					"$(inherited)",
					"@executable_path/Frameworks",
				);
				PRODUCT_BUNDLE_IDENTIFIER = com.alexeyParkhomenko.AppStoreJSONApis;
				PRODUCT_NAME = "$(TARGET_NAME)";
				SWIFT_VERSION = 5.0;
				TARGETED_DEVICE_FAMILY = "1,2";
			};
			name = Release;
		};
/* End XCBuildConfiguration section */

/* Begin XCConfigurationList section */
		F091BDD62269A4E200B25A72 /* Build configuration list for PBXProject "AppStoreJSONApis" */ = {
			isa = XCConfigurationList;
			buildConfigurations = (
				F091BDEB2269A4E300B25A72 /* Debug */,
				F091BDEC2269A4E300B25A72 /* Release */,
			);
			defaultConfigurationIsVisible = 0;
			defaultConfigurationName = Release;
		};
		F091BDED2269A4E300B25A72 /* Build configuration list for PBXNativeTarget "AppStoreJSONApis" */ = {
			isa = XCConfigurationList;
			buildConfigurations = (
				F091BDEE2269A4E300B25A72 /* Debug */,
				F091BDEF2269A4E300B25A72 /* Release */,
			);
			defaultConfigurationIsVisible = 0;
			defaultConfigurationName = Release;
		};
/* End XCConfigurationList section */
	};
	rootObject = F091BDD32269A4E200B25A72 /* Project object */;
}
